
Microsoft Visual Studio Solution File, Format Version 12.00
# Visual Studio Version 17
VisualStudioVersion = 17.0.31912.275
MinimumVisualStudioVersion = 10.0.40219.1
Project("{9A19103F-16F7-4668-BE54-9A1E7A4F7556}") = "GestioneSpese.Core", "GestioneSpese.Core\GestioneSpese.Core.csproj", "{400E7DF7-D0D1-4494-AE0A-3206E25B154E}"
EndProject
Project("{9A19103F-16F7-4668-BE54-9A1E7A4F7556}") = "GestioneSpese.Client", "..\GestioneSpese.Client\GestioneSpese.Client.csproj", "{0ECE0EE0-4524-4D9E-A101-73A90A39D7F7}"
EndProject
Global
	GlobalSection(SolutionConfigurationPlatforms) = preSolution
		Debug|Any CPU = Debug|Any CPU
		Release|Any CPU = Release|Any CPU
	EndGlobalSection
	GlobalSection(ProjectConfigurationPlatforms) = postSolution
		{400E7DF7-D0D1-4494-AE0A-3206E25B154E}.Debug|Any CPU.ActiveCfg = Debug|Any CPU
		{400E7DF7-D0D1-4494-AE0A-3206E25B154E}.Debug|Any CPU.Build.0 = Debug|Any CPU
		{400E7DF7-D0D1-4494-AE0A-3206E25B154E}.Release|Any CPU.ActiveCfg = Release|Any CPU
		{400E7DF7-D0D1-4494-AE0A-3206E25B154E}.Release|Any CPU.Build.0 = Release|Any CPU
		{0ECE0EE0-4524-4D9E-A101-73A90A39D7F7}.Debug|Any CPU.ActiveCfg = Debug|Any CPU
		{0ECE0EE0-4524-4D9E-A101-73A90A39D7F7}.Debug|Any CPU.Build.0 = Debug|Any CPU
		{0ECE0EE0-4524-4D9E-A101-73A90A39D7F7}.Release|Any CPU.ActiveCfg = Release|Any CPU
		{0ECE0EE0-4524-4D9E-A101-73A90A39D7F7}.Release|Any CPU.Build.0 = Release|Any CPU
	EndGlobalSection
	GlobalSection(SolutionProperties) = preSolution
		HideSolutionNode = FALSE
	EndGlobalSection
	GlobalSection(ExtensibilityGlobals) = postSolution
		SolutionGuid = {A90387EB-52EE-4BED-B379-6F8722BE1E4E}
	EndGlobalSection
EndGlobal
